
Microsoft Visual Studio Solution File, Format Version 12.00
# Visual Studio Version 17
VisualStudioVersion = 17.5.33502.453
MinimumVisualStudioVersion = 10.0.40219.1
Project("{FAE04EC0-301F-11D3-BF4B-00C04F79EFBC}") = "iRacingSeasonCreator", "iRacingSeasonCreator\iRacingSeasonCreator.csproj", "{273D854C-D017-4104-BC32-D095B18B569D}"
EndProject
Global
	GlobalSection(SolutionConfigurationPlatforms) = preSolution
		Debug|Any CPU = Debug|Any CPU
		Release|Any CPU = Release|Any CPU
	EndGlobalSection
	GlobalSection(ProjectConfigurationPlatforms) = postSolution
		{273D854C-D017-4104-BC32-D095B18B569D}.Debug|Any CPU.ActiveCfg = Debug|Any CPU
		{273D854C-D017-4104-BC32-D095B18B569D}.Debug|Any CPU.Build.0 = Debug|Any CPU
		{273D854C-D017-4104-BC32-D095B18B569D}.Release|Any CPU.ActiveCfg = Release|Any CPU
		{273D854C-D017-4104-BC32-D095B18B569D}.Release|Any CPU.Build.0 = Release|Any CPU
	EndGlobalSection
	GlobalSection(SolutionProperties) = preSolution
		HideSolutionNode = FALSE
	EndGlobalSection
	GlobalSection(ExtensibilityGlobals) = postSolution
		SolutionGuid = {98A23B80-B1D2-4424-9B2F-C2B73DCB5A17}
	EndGlobalSection
EndGlobal
